
Microsoft Visual Studio Solution File, Format Version 12.00
# Visual Studio 2012
Project("{FAE04EC0-301F-11D3-BF4B-00C04F79EFBC}") = "Test.droid", "Test.droid\Test.droid.csproj", "{42626EFD-2E38-462E-B637-C4625F56A44A}"
EndProject
Project("{FAE04EC0-301F-11D3-BF4B-00C04F79EFBC}") = "HttpStream", "HttpStream\HttpStream.csproj", "{612AA1E3-E4B3-4B84-AE0C-EEA2CC66FFAD}"
EndProject
Global
	GlobalSection(SolutionConfigurationPlatforms) = preSolution
		Debug|Any CPU = Debug|Any CPU
		Release|Any CPU = Release|Any CPU
	EndGlobalSection
	GlobalSection(ProjectConfigurationPlatforms) = postSolution
		{42626EFD-2E38-462E-B637-C4625F56A44A}.Debug|Any CPU.ActiveCfg = Debug|Any CPU
		{42626EFD-2E38-462E-B637-C4625F56A44A}.Debug|Any CPU.Build.0 = Debug|Any CPU
		{42626EFD-2E38-462E-B637-C4625F56A44A}.Release|Any CPU.ActiveCfg = Release|Any CPU
		{42626EFD-2E38-462E-B637-C4625F56A44A}.Release|Any CPU.Build.0 = Release|Any CPU
		{612AA1E3-E4B3-4B84-AE0C-EEA2CC66FFAD}.Debug|Any CPU.ActiveCfg = Debug|Any CPU
		{612AA1E3-E4B3-4B84-AE0C-EEA2CC66FFAD}.Debug|Any CPU.Build.0 = Debug|Any CPU
		{612AA1E3-E4B3-4B84-AE0C-EEA2CC66FFAD}.Release|Any CPU.ActiveCfg = Release|Any CPU
		{612AA1E3-E4B3-4B84-AE0C-EEA2CC66FFAD}.Release|Any CPU.Build.0 = Release|Any CPU
	EndGlobalSection
EndGlobal
